
Microsoft Visual Studio Solution File, Format Version 12.00
# Visual Studio Version 16
VisualStudioVersion = 16.0.31229.75
MinimumVisualStudioVersion = 10.0.40219.1
Project("{FAE04EC0-301F-11D3-BF4B-00C04F79EFBC}") = "Portal", "Portal\Portal.csproj", "{AB905D75-1D2A-4445-B30E-BCC3859D7E60}"
EndProject
Project("{FAE04EC0-301F-11D3-BF4B-00C04F79EFBC}") = "Currencises", "Currencises\Currencises.csproj", "{B60701F3-461F-4518-BB30-2F6B32DB47C7}"
EndProject
Global
	GlobalSection(SolutionConfigurationPlatforms) = preSolution
		Debug|Any CPU = Debug|Any CPU
		Release|Any CPU = Release|Any CPU
	EndGlobalSection
	GlobalSection(ProjectConfigurationPlatforms) = postSolution
		{AB905D75-1D2A-4445-B30E-BCC3859D7E60}.Debug|Any CPU.ActiveCfg = Debug|Any CPU
		{AB905D75-1D2A-4445-B30E-BCC3859D7E60}.Debug|Any CPU.Build.0 = Debug|Any CPU
		{AB905D75-1D2A-4445-B30E-BCC3859D7E60}.Release|Any CPU.ActiveCfg = Release|Any CPU
		{AB905D75-1D2A-4445-B30E-BCC3859D7E60}.Release|Any CPU.Build.0 = Release|Any CPU
		{B60701F3-461F-4518-BB30-2F6B32DB47C7}.Debug|Any CPU.ActiveCfg = Debug|Any CPU
		{B60701F3-461F-4518-BB30-2F6B32DB47C7}.Debug|Any CPU.Build.0 = Debug|Any CPU
		{B60701F3-461F-4518-BB30-2F6B32DB47C7}.Release|Any CPU.ActiveCfg = Release|Any CPU
		{B60701F3-461F-4518-BB30-2F6B32DB47C7}.Release|Any CPU.Build.0 = Release|Any CPU
	EndGlobalSection
	GlobalSection(SolutionProperties) = preSolution
		HideSolutionNode = FALSE
	EndGlobalSection
	GlobalSection(ExtensibilityGlobals) = postSolution
		SolutionGuid = {A1FA27D8-8005-4BC7-8989-A89AF581D505}
	EndGlobalSection
EndGlobal
